# This file was autogenerated by Stack.
# You should not edit this file by hand.
# For more information, please see the documentation at:
#   https://docs.haskellstack.org/en/stable/lock_files

packages:
- completed:
    hackage: Cabal-3.10.3.0@sha256:4a36954a66769eef90353daa0dbb07d43e49c228281383c7e4134445d495f714,12313
    pantry-tree:
      sha256: 1d8835f47d5a86a326a4997ce77f7bfd78d732a483264deaf0c280e8d2b764b7
      size: 9222
  original:
    hackage: Cabal-3.10.3.0@sha256:4a36954a66769eef90353daa0dbb07d43e49c228281383c7e4134445d495f714,12313
- completed:
    hackage: haskell-gi-base-0.26.4@sha256:14f295b3d7b91b289e2fa86b91d362036dee3b4154d0c6adf658ace8b5311982,2448
    pantry-tree:
      sha256: 7e1e02796f652cae76013fca5c924d13272d114074a4fb5c64e4518c761c59fd
      size: 1941
  original:
    hackage: haskell-gi-base-0.26.4@sha256:14f295b3d7b91b289e2fa86b91d362036dee3b4154d0c6adf658ace8b5311982,2448
- completed:
    hackage: parsec-3.1.17.0@sha256:6cf18e59d9f1c5b40385457b82ab679dc18d3c5bd3c2c67b2f94e1e8732e6624,5119
    pantry-tree:
      sha256: cca87377fcfe25583e1f7aadc4971111a86c2e66002dffa304be92f294db32c8
      size: 2810
  original:
    hackage: parsec-3.1.17.0@sha256:6cf18e59d9f1c5b40385457b82ab679dc18d3c5bd3c2c67b2f94e1e8732e6624,5119
- completed:
    hackage: Cabal-syntax-3.10.3.0@sha256:c2ca36499bf9365726968b1e11a757e6d846c47cdf0c2c26a003698fd3c300fe,7431
    pantry-tree:
      sha256: ac04439a8a9da0ad2ead90ebeaf5c27f133018954c70a4933b677a3f2aca538c
      size: 11052
  original:
    hackage: Cabal-syntax-3.10.3.0@sha256:c2ca36499bf9365726968b1e11a757e6d846c47cdf0c2c26a003698fd3c300fe,7431
snapshots:
- completed:
    sha256: 5b002d57c51092aa58a8696ccf0993e74fa6ed2efd48e2bbca349e9c2f67c5ef
    size: 713334
    url: https://raw.githubusercontent.com/commercialhaskell/stackage-snapshots/master/lts/22/15.yaml
  original:
    url: https://raw.githubusercontent.com/commercialhaskell/stackage-snapshots/master/lts/22/15.yaml
